// !$*UTF8*$!
{
	archiveVersion = 1;
	classes = {
	};
	objectVersion = 50;
	objects = {

/* Begin PBXBuildFile section */
		9C4D900A230F84B000B34FC7 /* AppDelegate.m in Sources */ = {isa = PBXBuildFile; fileRef = 9C4D9009230F84B000B34FC7 /* AppDelegate.m */; };
		9C4D900D230F84B000B34FC7 /* ViewController.m in Sources */ = {isa = PBXBuildFile; fileRef = 9C4D900C230F84B000B34FC7 /* ViewController.m */; };
		9C4D9010230F84B000B34FC7 /* Main.storyboard in Resources */ = {isa = PBXBuildFile; fileRef = 9C4D900E230F84B000B34FC7 /* Main.storyboard */; };
		9C4D9012230F84B200B34FC7 /* Assets.xcassets in Resources */ = {isa = PBXBuildFile; fileRef = 9C4D9011230F84B200B34FC7 /* Assets.xcassets */; };
		9C4D9015230F84B200B34FC7 /* LaunchScreen.storyboard in Resources */ = {isa = PBXBuildFile; fileRef = 9C4D9013230F84B200B34FC7 /* LaunchScreen.storyboard */; };
		9C4D9018230F84B200B34FC7 /* main.m in Sources */ = {isa = PBXBuildFile; fileRef = 9C4D9017230F84B200B34FC7 /* main.m */; };
		9C4D9022230F84B200B34FC7 /* RYProjectTests.m in Sources */ = {isa = PBXBuildFile; fileRef = 9C4D9021230F84B200B34FC7 /* RYProjectTests.m */; };
		9C4D902D230F84B300B34FC7 /* RYProjectUITests.m in Sources */ = {isa = PBXBuildFile; fileRef = 9C4D902C230F84B300B34FC7 /* RYProjectUITests.m */; };
/* End PBXBuildFile section */

/* Begin PBXContainerItemProxy section */
		9C4D901E230F84B200B34FC7 /* PBXContainerItemProxy */ = {
			isa = PBXContainerItemProxy;
			containerPortal = 9C4D8FFD230F84B000B34FC7 /* Project object */;
			proxyType = 1;
			remoteGlobalIDString = 9C4D9004230F84B000B34FC7;
			remoteInfo = RYProject;
		};
		9C4D9029230F84B300B34FC7 /* PBXContainerItemProxy */ = {
			isa = PBXContainerItemProxy;
			containerPortal = 9C4D8FFD230F84B000B34FC7 /* Project object */;
			proxyType = 1;
			remoteGlobalIDString = 9C4D9004230F84B000B34FC7;
			remoteInfo = RYProject;
		};
/* End PBXContainerItemProxy section */

/* Begin PBXFileReference section */
		9C4D9005230F84B000B34FC7 /* RYProject.app */ = {isa = PBXFileReference; explicitFileType = wrapper.application; includeInIndex = 0; path = RYProject.app; sourceTree = BUILT_PRODUCTS_DIR; };
		9C4D9008230F84B000B34FC7 /* AppDelegate.h */ = {isa = PBXFileReference; lastKnownFileType = sourcecode.c.h; path = AppDelegate.h; sourceTree = "<group>"; };
		9C4D9009230F84B000B34FC7 /* AppDelegate.m */ = {isa = PBXFileReference; lastKnownFileType = sourcecode.c.objc; path = AppDelegate.m; sourceTree = "<group>"; };
		9C4D900B230F84B000B34FC7 /* ViewController.h */ = {isa = PBXFileReference; lastKnownFileType = sourcecode.c.h; path = ViewController.h; sourceTree = "<group>"; };
		9C4D900C230F84B000B34FC7 /* ViewController.m */ = {isa = PBXFileReference; lastKnownFileType = sourcecode.c.objc; path = ViewController.m; sourceTree = "<group>"; };
		9C4D900F230F84B000B34FC7 /* Base */ = {isa = PBXFileReference; lastKnownFileType = file.storyboard; name = Base; path = Base.lproj/Main.storyboard; sourceTree = "<group>"; };
		9C4D9011230F84B200B34FC7 /* Assets.xcassets */ = {isa = PBXFileReference; lastKnownFileType = folder.assetcatalog; path = Assets.xcassets; sourceTree = "<group>"; };
		9C4D9014230F84B200B34FC7 /* Base */ = {isa = PBXFileReference; lastKnownFileType = file.storyboard; name = Base; path = Base.lproj/LaunchScreen.storyboard; sourceTree = "<group>"; };
		9C4D9016230F84B200B34FC7 /* Info.plist */ = {isa = PBXFileReference; lastKnownFileType = text.plist.xml; path = Info.plist; sourceTree = "<group>"; };
		9C4D9017230F84B200B34FC7 /* main.m */ = {isa = PBXFileReference; lastKnownFileType = sourcecode.c.objc; path = main.m; sourceTree = "<group>"; };
		9C4D901D230F84B200B34FC7 /* RYProjectTests.xctest */ = {isa = PBXFileReference; explicitFileType = wrapper.cfbundle; includeInIndex = 0; path = RYProjectTests.xctest; sourceTree = BUILT_PRODUCTS_DIR; };
		9C4D9021230F84B200B34FC7 /* RYProjectTests.m */ = {isa = PBXFileReference; lastKnownFileType = sourcecode.c.objc; path = RYProjectTests.m; sourceTree = "<group>"; };
		9C4D9023230F84B200B34FC7 /* Info.plist */ = {isa = PBXFileReference; lastKnownFileType = text.plist.xml; path = Info.plist; sourceTree = "<group>"; };
		9C4D9028230F84B300B34FC7 /* RYProjectUITests.xctest */ = {isa = PBXFileReference; explicitFileType = wrapper.cfbundle; includeInIndex = 0; path = RYProjectUITests.xctest; sourceTree = BUILT_PRODUCTS_DIR; };
		9C4D902C230F84B300B34FC7 /* RYProjectUITests.m */ = {isa = PBXFileReference; lastKnownFileType = sourcecode.c.objc; path = RYProjectUITests.m; sourceTree = "<group>"; };
		9C4D902E230F84B300B34FC7 /* Info.plist */ = {isa = PBXFileReference; lastKnownFileType = text.plist.xml; path = Info.plist; sourceTree = "<group>"; };
/* End PBXFileReference section */

/* Begin PBXFrameworksBuildPhase section */
		9C4D9002230F84B000B34FC7 /* Frameworks */ = {
			isa = PBXFrameworksBuildPhase;
			buildActionMask = 2147483647;
			files = (
			);
			runOnlyForDeploymentPostprocessing = 0;
		};
		9C4D901A230F84B200B34FC7 /* Frameworks */ = {
			isa = PBXFrameworksBuildPhase;
			buildActionMask = 2147483647;
			files = (
			);
			runOnlyForDeploymentPostprocessing = 0;
		};
		9C4D9025230F84B300B34FC7 /* Frameworks */ = {
			isa = PBXFrameworksBuildPhase;
			buildActionMask = 2147483647;
			files = (
			);
			runOnlyForDeploymentPostprocessing = 0;
		};
/* End PBXFrameworksBuildPhase section */

/* Begin PBXGroup section */
		9C4D8FFC230F84B000B34FC7 = {
			isa = PBXGroup;
			children = (
				9C4D903B230FB96C00B34FC7 /* Frameworks */,
				9C4D9007230F84B000B34FC7 /* RYProject */,
				9C4D9020230F84B200B34FC7 /* RYProjectTests */,
				9C4D902B230F84B300B34FC7 /* RYProjectUITests */,
				9C4D9006230F84B000B34FC7 /* Products */,
			);
			sourceTree = "<group>";
		};
		9C4D9006230F84B000B34FC7 /* Products */ = {
			isa = PBXGroup;
			children = (
				9C4D9005230F84B000B34FC7 /* RYProject.app */,
				9C4D901D230F84B200B34FC7 /* RYProjectTests.xctest */,
				9C4D9028230F84B300B34FC7 /* RYProjectUITests.xctest */,
			);
			name = Products;
			sourceTree = "<group>";
		};
		9C4D9007230F84B000B34FC7 /* RYProject */ = {
			isa = PBXGroup;
			children = (
				9C4D903F230FBAE900B34FC7 /* Class */,
				9C4D903E230FBA1E00B34FC7 /* AppDelegate */,
				9C4D900B230F84B000B34FC7 /* ViewController.h */,
				9C4D900C230F84B000B34FC7 /* ViewController.m */,
				9C4D900E230F84B000B34FC7 /* Main.storyboard */,
				9C4D9011230F84B200B34FC7 /* Assets.xcassets */,
				9C4D9013230F84B200B34FC7 /* LaunchScreen.storyboard */,
				9C4D9016230F84B200B34FC7 /* Info.plist */,
				9C4D9017230F84B200B34FC7 /* main.m */,
			);
			path = RYProject;
			sourceTree = "<group>";
		};
		9C4D9020230F84B200B34FC7 /* RYProjectTests */ = {
			isa = PBXGroup;
			children = (
				9C4D9021230F84B200B34FC7 /* RYProjectTests.m */,
				9C4D9023230F84B200B34FC7 /* Info.plist */,
			);
			path = RYProjectTests;
			sourceTree = "<group>";
		};
		9C4D902B230F84B300B34FC7 /* RYProjectUITests */ = {
			isa = PBXGroup;
			children = (
				9C4D902C230F84B300B34FC7 /* RYProjectUITests.m */,
				9C4D902E230F84B300B34FC7 /* Info.plist */,
			);
			path = RYProjectUITests;
			sourceTree = "<group>";
		};
		9C4D903B230FB96C00B34FC7 /* Frameworks */ = {
			isa = PBXGroup;
			children = (
			);
			name = Frameworks;
			sourceTree = "<group>";
		};
		9C4D903E230FBA1E00B34FC7 /* AppDelegate */ = {
			isa = PBXGroup;
			children = (
				9C4D9008230F84B000B34FC7 /* AppDelegate.h */,
				9C4D9009230F84B000B34FC7 /* AppDelegate.m */,
			);
			path = AppDelegate;
			sourceTree = "<group>";
		};
		9C4D903F230FBAE900B34FC7 /* Class */ = {
			isa = PBXGroup;
			children = (
				9C4D9044230FBB7000B34FC7 /* Vendors */,
				9C4D9040230FBB0200B34FC7 /* General */,
				9C4D9041230FBB1500B34FC7 /* Helpers */,
				9C4D9042230FBB2900B34FC7 /* Macro */,
				9C4D9043230FBB4B00B34FC7 /* Sections */,
			);
			path = Class;
			sourceTree = "<group>";
		};
		9C4D9040230FBB0200B34FC7 /* General */ = {
			isa = PBXGroup;
			children = (
			);
			path = General;
			sourceTree = "<group>";
		};
		9C4D9041230FBB1500B34FC7 /* Helpers */ = {
			isa = PBXGroup;
			children = (
			);
			path = Helpers;
			sourceTree = "<group>";
		};
		9C4D9042230FBB2900B34FC7 /* Macro */ = {
			isa = PBXGroup;
			children = (
			);
			path = Macro;
			sourceTree = "<group>";
		};
		9C4D9043230FBB4B00B34FC7 /* Sections */ = {
			isa = PBXGroup;
			children = (
			);
			path = Sections;
			sourceTree = "<group>";
		};
		9C4D9044230FBB7000B34FC7 /* Vendors */ = {
			isa = PBXGroup;
			children = (
			);
			path = Vendors;
			sourceTree = "<group>";
		};
/* End PBXGroup section */

/* Begin PBXNativeTarget section */
		9C4D9004230F84B000B34FC7 /* RYProject */ = {
			isa = PBXNativeTarget;
			buildConfigurationList = 9C4D9031230F84B300B34FC7 /* Build configuration list for PBXNativeTarget "RYProject" */;
			buildPhases = (
				9C4D9001230F84B000B34FC7 /* Sources */,
				9C4D9002230F84B000B34FC7 /* Frameworks */,
				9C4D9003230F84B000B34FC7 /* Resources */,
			);
			buildRules = (
			);
			dependencies = (
			);
			name = RYProject;
			productName = RYProject;
			productReference = 9C4D9005230F84B000B34FC7 /* RYProject.app */;
			productType = "com.apple.product-type.application";
		};
		9C4D901C230F84B200B34FC7 /* RYProjectTests */ = {
			isa = PBXNativeTarget;
			buildConfigurationList = 9C4D9034230F84B300B34FC7 /* Build configuration list for PBXNativeTarget "RYProjectTests" */;
			buildPhases = (
				9C4D9019230F84B200B34FC7 /* Sources */,
				9C4D901A230F84B200B34FC7 /* Frameworks */,
				9C4D901B230F84B200B34FC7 /* Resources */,
			);
			buildRules = (
			);
			dependencies = (
				9C4D901F230F84B200B34FC7 /* PBXTargetDependency */,
			);
			name = RYProjectTests;
			productName = RYProjectTests;
			productReference = 9C4D901D230F84B200B34FC7 /* RYProjectTests.xctest */;
			productType = "com.apple.product-type.bundle.unit-test";
		};
		9C4D9027230F84B300B34FC7 /* RYProjectUITests */ = {
			isa = PBXNativeTarget;
			buildConfigurationList = 9C4D9037230F84B300B34FC7 /* Build configuration list for PBXNativeTarget "RYProjectUITests" */;
			buildPhases = (
				9C4D9024230F84B300B34FC7 /* Sources */,
				9C4D9025230F84B300B34FC7 /* Frameworks */,
				9C4D9026230F84B300B34FC7 /* Resources */,
			);
			buildRules = (
			);
			dependencies = (
				9C4D902A230F84B300B34FC7 /* PBXTargetDependency */,
			);
			name = RYProjectUITests;
			productName = RYProjectUITests;
			productReference = 9C4D9028230F84B300B34FC7 /* RYProjectUITests.xctest */;
			productType = "com.apple.product-type.bundle.ui-testing";
		};
/* End PBXNativeTarget section */

/* Begin PBXProject section */
		9C4D8FFD230F84B000B34FC7 /* Project object */ = {
			isa = PBXProject;
			attributes = {
				LastUpgradeCheck = 1020;
				ORGANIZATIONNAME = rnl;
				TargetAttributes = {
					9C4D9004230F84B000B34FC7 = {
						CreatedOnToolsVersion = 10.2.1;
					};
					9C4D901C230F84B200B34FC7 = {
						CreatedOnToolsVersion = 10.2.1;
						TestTargetID = 9C4D9004230F84B000B34FC7;
					};
					9C4D9027230F84B300B34FC7 = {
						CreatedOnToolsVersion = 10.2.1;
						TestTargetID = 9C4D9004230F84B000B34FC7;
					};
				};
			};
			buildConfigurationList = 9C4D9000230F84B000B34FC7 /* Build configuration list for PBXProject "RYProject" */;
			compatibilityVersion = "Xcode 9.3";
			developmentRegion = en;
			hasScannedForEncodings = 0;
			knownRegions = (
				en,
				Base,
			);
			mainGroup = 9C4D8FFC230F84B000B34FC7;
			productRefGroup = 9C4D9006230F84B000B34FC7 /* Products */;
			projectDirPath = "";
			projectRoot = "";
			targets = (
				9C4D9004230F84B000B34FC7 /* RYProject */,
				9C4D901C230F84B200B34FC7 /* RYProjectTests */,
				9C4D9027230F84B300B34FC7 /* RYProjectUITests */,
			);
		};
/* End PBXProject section */

/* Begin PBXResourcesBuildPhase section */
		9C4D9003230F84B000B34FC7 /* Resources */ = {
			isa = PBXResourcesBuildPhase;
			buildActionMask = 2147483647;
			files = (
				9C4D9015230F84B200B34FC7 /* LaunchScreen.storyboard in Resources */,
				9C4D9012230F84B200B34FC7 /* Assets.xcassets in Resources */,
				9C4D9010230F84B000B34FC7 /* Main.storyboard in Resources */,
			);
			runOnlyForDeploymentPostprocessing = 0;
		};
		9C4D901B230F84B200B34FC7 /* Resources */ = {
			isa = PBXResourcesBuildPhase;
			buildActionMask = 2147483647;
			files = (
			);
			runOnlyForDeploymentPostprocessing = 0;
		};
		9C4D9026230F84B300B34FC7 /* Resources */ = {
			isa = PBXResourcesBuildPhase;
			buildActionMask = 2147483647;
			files = (
			);
			runOnlyForDeploymentPostprocessing = 0;
		};
/* End PBXResourcesBuildPhase section */

/* Begin PBXSourcesBuildPhase section */
		9C4D9001230F84B000B34FC7 /* Sources */ = {
			isa = PBXSourcesBuildPhase;
			buildActionMask = 2147483647;
			files = (
				9C4D900D230F84B000B34FC7 /* ViewController.m in Sources */,
				9C4D9018230F84B200B34FC7 /* main.m in Sources */,
				9C4D900A230F84B000B34FC7 /* AppDelegate.m in Sources */,
			);
			runOnlyForDeploymentPostprocessing = 0;
		};
		9C4D9019230F84B200B34FC7 /* Sources */ = {
			isa = PBXSourcesBuildPhase;
			buildActionMask = 2147483647;
			files = (
				9C4D9022230F84B200B34FC7 /* RYProjectTests.m in Sources */,
			);
			runOnlyForDeploymentPostprocessing = 0;
		};
		9C4D9024230F84B300B34FC7 /* Sources */ = {
			isa = PBXSourcesBuildPhase;
			buildActionMask = 2147483647;
			files = (
				9C4D902D230F84B300B34FC7 /* RYProjectUITests.m in Sources */,
			);
			runOnlyForDeploymentPostprocessing = 0;
		};
/* End PBXSourcesBuildPhase section */

/* Begin PBXTargetDependency section */
		9C4D901F230F84B200B34FC7 /* PBXTargetDependency */ = {
			isa = PBXTargetDependency;
			target = 9C4D9004230F84B000B34FC7 /* RYProject */;
			targetProxy = 9C4D901E230F84B200B34FC7 /* PBXContainerItemProxy */;
		};
		9C4D902A230F84B300B34FC7 /* PBXTargetDependency */ = {
			isa = PBXTargetDependency;
			target = 9C4D9004230F84B000B34FC7 /* RYProject */;
			targetProxy = 9C4D9029230F84B300B34FC7 /* PBXContainerItemProxy */;
		};
/* End PBXTargetDependency section */

/* Begin PBXVariantGroup section */
		9C4D900E230F84B000B34FC7 /* Main.storyboard */ = {
			isa = PBXVariantGroup;
			children = (
				9C4D900F230F84B000B34FC7 /* Base */,
			);
			name = Main.storyboard;
			sourceTree = "<group>";
		};
		9C4D9013230F84B200B34FC7 /* LaunchScreen.storyboard */ = {
			isa = PBXVariantGroup;
			children = (
				9C4D9014230F84B200B34FC7 /* Base */,
			);
			name = LaunchScreen.storyboard;
			sourceTree = "<group>";
		};
/* End PBXVariantGroup section */

/* Begin XCBuildConfiguration section */
		9C4D902F230F84B300B34FC7 /* Debug */ = {
			isa = XCBuildConfiguration;
			buildSettings = {
				ALWAYS_SEARCH_USER_PATHS = NO;
				CLANG_ANALYZER_NONNULL = YES;
				CLANG_ANALYZER_NUMBER_OBJECT_CONVERSION = YES_AGGRESSIVE;
				CLANG_CXX_LANGUAGE_STANDARD = "gnu++14";
				CLANG_CXX_LIBRARY = "libc++";
				CLANG_ENABLE_MODULES = YES;
				CLANG_ENABLE_OBJC_ARC = YES;
				CLANG_ENABLE_OBJC_WEAK = YES;
				CLANG_WARN_BLOCK_CAPTURE_AUTORELEASING = YES;
				CLANG_WARN_BOOL_CONVERSION = YES;
				CLANG_WARN_COMMA = YES;
				CLANG_WARN_CONSTANT_CONVERSION = YES;
				CLANG_WARN_DEPRECATED_OBJC_IMPLEMENTATIONS = YES;
				CLANG_WARN_DIRECT_OBJC_ISA_USAGE = YES_ERROR;
				CLANG_WARN_DOCUMENTATION_COMMENTS = YES;
				CLANG_WARN_EMPTY_BODY = YES;
				CLANG_WARN_ENUM_CONVERSION = YES;
				CLANG_WARN_INFINITE_RECURSION = YES;
				CLANG_WARN_INT_CONVERSION = YES;
				CLANG_WARN_NON_LITERAL_NULL_CONVERSION = YES;
				CLANG_WARN_OBJC_IMPLICIT_RETAIN_SELF = YES;
				CLANG_WARN_OBJC_LITERAL_CONVERSION = YES;
				CLANG_WARN_OBJC_ROOT_CLASS = YES_ERROR;
				CLANG_WARN_RANGE_LOOP_ANALYSIS = YES;
				CLANG_WARN_STRICT_PROTOTYPES = YES;
				CLANG_WARN_SUSPICIOUS_MOVE = YES;
				CLANG_WARN_UNGUARDED_AVAILABILITY = YES_AGGRESSIVE;
				CLANG_WARN_UNREACHABLE_CODE = YES;
				CLANG_WARN__DUPLICATE_METHOD_MATCH = YES;
				CODE_SIGN_IDENTITY = "iPhone Developer";
				COPY_PHASE_STRIP = NO;
				DEBUG_INFORMATION_FORMAT = dwarf;
				ENABLE_STRICT_OBJC_MSGSEND = YES;
				ENABLE_TESTABILITY = YES;
				GCC_C_LANGUAGE_STANDARD = gnu11;
				GCC_DYNAMIC_NO_PIC = NO;
				GCC_NO_COMMON_BLOCKS = YES;
				GCC_OPTIMIZATION_LEVEL = 0;
				GCC_PREPROCESSOR_DEFINITIONS = (
					"DEBUG=1",
					"$(inherited)",
				);
				GCC_WARN_64_TO_32_BIT_CONVERSION = YES;
				GCC_WARN_ABOUT_RETURN_TYPE = YES_ERROR;
				GCC_WARN_UNDECLARED_SELECTOR = YES;
				GCC_WARN_UNINITIALIZED_AUTOS = YES_AGGRESSIVE;
				GCC_WARN_UNUSED_FUNCTION = YES;
				GCC_WARN_UNUSED_VARIABLE = YES;
				IPHONEOS_DEPLOYMENT_TARGET = 12.2;
				MTL_ENABLE_DEBUG_INFO = INCLUDE_SOURCE;
				MTL_FAST_MATH = YES;
				ONLY_ACTIVE_ARCH = YES;
				SDKROOT = iphoneos;
			};
			name = Debug;
		};
		9C4D9030230F84B300B34FC7 /* Release */ = {
			isa = XCBuildConfiguration;
			buildSettings = {
				ALWAYS_SEARCH_USER_PATHS = NO;
				CLANG_ANALYZER_NONNULL = YES;
				CLANG_ANALYZER_NUMBER_OBJECT_CONVERSION = YES_AGGRESSIVE;
				CLANG_CXX_LANGUAGE_STANDARD = "gnu++14";
				CLANG_CXX_LIBRARY = "libc++";
				CLANG_ENABLE_MODULES = YES;
				CLANG_ENABLE_OBJC_ARC = YES;
				CLANG_ENABLE_OBJC_WEAK = YES;
				CLANG_WARN_BLOCK_CAPTURE_AUTORELEASING = YES;
				CLANG_WARN_BOOL_CONVERSION = YES;
				CLANG_WARN_COMMA = YES;
				CLANG_WARN_CONSTANT_CONVERSION = YES;
				CLANG_WARN_DEPRECATED_OBJC_IMPLEMENTATIONS = YES;
				CLANG_WARN_DIRECT_OBJC_ISA_USAGE = YES_ERROR;
				CLANG_WARN_DOCUMENTATION_COMMENTS = YES;
				CLANG_WARN_EMPTY_BODY = YES;
				CLANG_WARN_ENUM_CONVERSION = YES;
				CLANG_WARN_INFINITE_RECURSION = YES;
				CLANG_WARN_INT_CONVERSION = YES;
				CLANG_WARN_NON_LITERAL_NULL_CONVERSION = YES;
				CLANG_WARN_OBJC_IMPLICIT_RETAIN_SELF = YES;
				CLANG_WARN_OBJC_LITERAL_CONVERSION = YES;
				CLANG_WARN_OBJC_ROOT_CLASS = YES_ERROR;
				CLANG_WARN_RANGE_LOOP_ANALYSIS = YES;
				CLANG_WARN_STRICT_PROTOTYPES = YES;
				CLANG_WARN_SUSPICIOUS_MOVE = YES;
				CLANG_WARN_UNGUARDED_AVAILABILITY = YES_AGGRESSIVE;
				CLANG_WARN_UNREACHABLE_CODE = YES;
				CLANG_WARN__DUPLICATE_METHOD_MATCH = YES;
				CODE_SIGN_IDENTITY = "iPhone Developer";
				COPY_PHASE_STRIP = NO;
				DEBUG_INFORMATION_FORMAT = "dwarf-with-dsym";
				ENABLE_NS_ASSERTIONS = NO;
				ENABLE_STRICT_OBJC_MSGSEND = YES;
				GCC_C_LANGUAGE_STANDARD = gnu11;
				GCC_NO_COMMON_BLOCKS = YES;
				GCC_WARN_64_TO_32_BIT_CONVERSION = YES;
				GCC_WARN_ABOUT_RETURN_TYPE = YES_ERROR;
				GCC_WARN_UNDECLARED_SELECTOR = YES;
				GCC_WARN_UNINITIALIZED_AUTOS = YES_AGGRESSIVE;
				GCC_WARN_UNUSED_FUNCTION = YES;
				GCC_WARN_UNUSED_VARIABLE = YES;
				IPHONEOS_DEPLOYMENT_TARGET = 12.2;
				MTL_ENABLE_DEBUG_INFO = NO;
				MTL_FAST_MATH = YES;
				SDKROOT = iphoneos;
				VALIDATE_PRODUCT = YES;
			};
			name = Release;
		};
		9C4D9032230F84B300B34FC7 /* Debug */ = {
			isa = XCBuildConfiguration;
			buildSettings = {
				ASSETCATALOG_COMPILER_APPICON_NAME = AppIcon;
				CODE_SIGN_STYLE = Automatic;
				INFOPLIST_FILE = RYProject/Info.plist;
				LD_RUNPATH_SEARCH_PATHS = (
					"$(inherited)",
					"@executable_path/Frameworks",
				);
				PRODUCT_BUNDLE_IDENTIFIER = com.firstdemo.RYProject;
				PRODUCT_NAME = "$(TARGET_NAME)";
				TARGETED_DEVICE_FAMILY = "1,2";
			};
			name = Debug;
		};
		9C4D9033230F84B300B34FC7 /* Release */ = {
			isa = XCBuildConfiguration;
			buildSettings = {
				ASSETCATALOG_COMPILER_APPICON_NAME = AppIcon;
				CODE_SIGN_STYLE = Automatic;
				INFOPLIST_FILE = RYProject/Info.plist;
				LD_RUNPATH_SEARCH_PATHS = (
					"$(inherited)",
					"@executable_path/Frameworks",
				);
				PRODUCT_BUNDLE_IDENTIFIER = com.firstdemo.RYProject;
				PRODUCT_NAME = "$(TARGET_NAME)";
				TARGETED_DEVICE_FAMILY = "1,2";
			};
			name = Release;
		};
		9C4D9035230F84B300B34FC7 /* Debug */ = {
			isa = XCBuildConfiguration;
			buildSettings = {
				BUNDLE_LOADER = "$(TEST_HOST)";
				CODE_SIGN_STYLE = Automatic;
				INFOPLIST_FILE = RYProjectTests/Info.plist;
				LD_RUNPATH_SEARCH_PATHS = (
					"$(inherited)",
					"@executable_path/Frameworks",
					"@loader_path/Frameworks",
				);
				PRODUCT_BUNDLE_IDENTIFIER = com.firstdemo.RYProjectTests;
				PRODUCT_NAME = "$(TARGET_NAME)";
				TARGETED_DEVICE_FAMILY = "1,2";
				TEST_HOST = "$(BUILT_PRODUCTS_DIR)/RYProject.app/RYProject";
			};
			name = Debug;
		};
		9C4D9036230F84B300B34FC7 /* Release */ = {
			isa = XCBuildConfiguration;
			buildSettings = {
				BUNDLE_LOADER = "$(TEST_HOST)";
				CODE_SIGN_STYLE = Automatic;
				INFOPLIST_FILE = RYProjectTests/Info.plist;
				LD_RUNPATH_SEARCH_PATHS = (
					"$(inherited)",
					"@executable_path/Frameworks",
					"@loader_path/Frameworks",
				);
				PRODUCT_BUNDLE_IDENTIFIER = com.firstdemo.RYProjectTests;
				PRODUCT_NAME = "$(TARGET_NAME)";
				TARGETED_DEVICE_FAMILY = "1,2";
				TEST_HOST = "$(BUILT_PRODUCTS_DIR)/RYProject.app/RYProject";
			};
			name = Release;
		};
		9C4D9038230F84B300B34FC7 /* Debug */ = {
			isa = XCBuildConfiguration;
			buildSettings = {
				CODE_SIGN_STYLE = Automatic;
				INFOPLIST_FILE = RYProjectUITests/Info.plist;
				LD_RUNPATH_SEARCH_PATHS = (
					"$(inherited)",
					"@executable_path/Frameworks",
					"@loader_path/Frameworks",
				);
				PRODUCT_BUNDLE_IDENTIFIER = com.firstdemo.RYProjectUITests;
				PRODUCT_NAME = "$(TARGET_NAME)";
				TARGETED_DEVICE_FAMILY = "1,2";
				TEST_TARGET_NAME = RYProject;
			};
			name = Debug;
		};
		9C4D9039230F84B300B34FC7 /* Release */ = {
			isa = XCBuildConfiguration;
			buildSettings = {
				CODE_SIGN_STYLE = Automatic;
				INFOPLIST_FILE = RYProjectUITests/Info.plist;
				LD_RUNPATH_SEARCH_PATHS = (
					"$(inherited)",
					"@executable_path/Frameworks",
					"@loader_path/Frameworks",
				);
				PRODUCT_BUNDLE_IDENTIFIER = com.firstdemo.RYProjectUITests;
				PRODUCT_NAME = "$(TARGET_NAME)";
				TARGETED_DEVICE_FAMILY = "1,2";
				TEST_TARGET_NAME = RYProject;
			};
			name = Release;
		};
/* End XCBuildConfiguration section */

/* Begin XCConfigurationList section */
		9C4D9000230F84B000B34FC7 /* Build configuration list for PBXProject "RYProject" */ = {
			isa = XCConfigurationList;
			buildConfigurations = (
				9C4D902F230F84B300B34FC7 /* Debug */,
				9C4D9030230F84B300B34FC7 /* Release */,
			);
			defaultConfigurationIsVisible = 0;
			defaultConfigurationName = Release;
		};
		9C4D9031230F84B300B34FC7 /* Build configuration list for PBXNativeTarget "RYProject" */ = {
			isa = XCConfigurationList;
			buildConfigurations = (
				9C4D9032230F84B300B34FC7 /* Debug */,
				9C4D9033230F84B300B34FC7 /* Release */,
			);
			defaultConfigurationIsVisible = 0;
			defaultConfigurationName = Release;
		};
		9C4D9034230F84B300B34FC7 /* Build configuration list for PBXNativeTarget "RYProjectTests" */ = {
			isa = XCConfigurationList;
			buildConfigurations = (
				9C4D9035230F84B300B34FC7 /* Debug */,
				9C4D9036230F84B300B34FC7 /* Release */,
			);
			defaultConfigurationIsVisible = 0;
			defaultConfigurationName = Release;
		};
		9C4D9037230F84B300B34FC7 /* Build configuration list for PBXNativeTarget "RYProjectUITests" */ = {
			isa = XCConfigurationList;
			buildConfigurations = (
				9C4D9038230F84B300B34FC7 /* Debug */,
				9C4D9039230F84B300B34FC7 /* Release */,
			);
			defaultConfigurationIsVisible = 0;
			defaultConfigurationName = Release;
		};
/* End XCConfigurationList section */
	};
	rootObject = 9C4D8FFD230F84B000B34FC7 /* Project object */;
}
